
Microsoft Visual Studio Solution File, Format Version 12.00
# Visual Studio Version 17
VisualStudioVersion = 17.10.34928.147
MinimumVisualStudioVersion = 10.0.40219.1
Project("{9A19103F-16F7-4668-BE54-9A1E7A4F7556}") = "for_loops", "for_loops.csproj", "{7AFC5053-8301-49C1-A79A-DB5D17A33BEB}"
EndProject
Global
	GlobalSection(SolutionConfigurationPlatforms) = preSolution
		Debug|Any CPU = Debug|Any CPU
		Release|Any CPU = Release|Any CPU
	EndGlobalSection
	GlobalSection(ProjectConfigurationPlatforms) = postSolution
		{7AFC5053-8301-49C1-A79A-DB5D17A33BEB}.Debug|Any CPU.ActiveCfg = Debug|Any CPU
		{7AFC5053-8301-49C1-A79A-DB5D17A33BEB}.Debug|Any CPU.Build.0 = Debug|Any CPU
		{7AFC5053-8301-49C1-A79A-DB5D17A33BEB}.Release|Any CPU.ActiveCfg = Release|Any CPU
		{7AFC5053-8301-49C1-A79A-DB5D17A33BEB}.Release|Any CPU.Build.0 = Release|Any CPU
	EndGlobalSection
	GlobalSection(SolutionProperties) = preSolution
		HideSolutionNode = FALSE
	EndGlobalSection
	GlobalSection(ExtensibilityGlobals) = postSolution
		SolutionGuid = {BD17C7C1-EAE5-4398-93EC-A8E97E8B0E70}
	EndGlobalSection
EndGlobal
